
Microsoft Visual Studio Solution File, Format Version 11.00
# Visual Studio 2010
Project("{8BC9CEB8-8B4A-11D0-8D11-00A0C91BC942}") = "Digit Viewer", "Digit Viewer\Digit Viewer.vcxproj", "{0D6B1C6C-5A7D-4EBD-9F11-F6D252A04326}"
EndProject
Global
	GlobalSection(SolutionConfigurationPlatforms) = preSolution
		Debug|Win32 = Debug|Win32
		Debug|x64 = Debug|x64
		Release|Win32 = Release|Win32
		Release|x64 = Release|x64
		x86 SSE2|Win32 = x86 SSE2|Win32
		x86 SSE2|x64 = x86 SSE2|x64
		x86 SSE4.1|Win32 = x86 SSE4.1|Win32
		x86 SSE4.1|x64 = x86 SSE4.1|x64
	EndGlobalSection
	GlobalSection(ProjectConfigurationPlatforms) = postSolution
		{0D6B1C6C-5A7D-4EBD-9F11-F6D252A04326}.Debug|Win32.ActiveCfg = Debug|Win32
		{0D6B1C6C-5A7D-4EBD-9F11-F6D252A04326}.Debug|Win32.Build.0 = Debug|Win32
		{0D6B1C6C-5A7D-4EBD-9F11-F6D252A04326}.Debug|x64.ActiveCfg = Debug|x64
		{0D6B1C6C-5A7D-4EBD-9F11-F6D252A04326}.Debug|x64.Build.0 = Debug|x64
		{0D6B1C6C-5A7D-4EBD-9F11-F6D252A04326}.Release|Win32.ActiveCfg = Release|Win32
		{0D6B1C6C-5A7D-4EBD-9F11-F6D252A04326}.Release|Win32.Build.0 = Release|Win32
		{0D6B1C6C-5A7D-4EBD-9F11-F6D252A04326}.Release|x64.ActiveCfg = Release|x64
		{0D6B1C6C-5A7D-4EBD-9F11-F6D252A04326}.Release|x64.Build.0 = Release|x64
		{0D6B1C6C-5A7D-4EBD-9F11-F6D252A04326}.x86 SSE2|Win32.ActiveCfg = x86 SSE2|Win32
		{0D6B1C6C-5A7D-4EBD-9F11-F6D252A04326}.x86 SSE2|Win32.Build.0 = x86 SSE2|Win32
		{0D6B1C6C-5A7D-4EBD-9F11-F6D252A04326}.x86 SSE2|x64.ActiveCfg = x86 SSE2|x64
		{0D6B1C6C-5A7D-4EBD-9F11-F6D252A04326}.x86 SSE2|x64.Build.0 = x86 SSE2|x64
		{0D6B1C6C-5A7D-4EBD-9F11-F6D252A04326}.x86 SSE4.1|Win32.ActiveCfg = x86 SSE4.1|Win32
		{0D6B1C6C-5A7D-4EBD-9F11-F6D252A04326}.x86 SSE4.1|Win32.Build.0 = x86 SSE4.1|Win32
		{0D6B1C6C-5A7D-4EBD-9F11-F6D252A04326}.x86 SSE4.1|x64.ActiveCfg = x86 SSE4.1|x64
		{0D6B1C6C-5A7D-4EBD-9F11-F6D252A04326}.x86 SSE4.1|x64.Build.0 = x86 SSE4.1|x64
	EndGlobalSection
	GlobalSection(SolutionProperties) = preSolution
		HideSolutionNode = FALSE
	EndGlobalSection
EndGlobal
