<?xml version="1.0" encoding="utf-8"?>
<Project ToolsVersion="4.0" xmlns="http://schemas.microsoft.com/developer/msbuild/2003">
  <ItemGroup>
    <Filter Include="Source Files">
      <UniqueIdentifier>{4FC737F1-C7A5-4376-A066-2A32D752A2FF}</UniqueIdentifier>
      <Extensions>cpp;c;cc;cxx;def;odl;idl;hpj;bat;asm;asmx</Extensions>
    </Filter>
    <Filter Include="Header Files">
      <UniqueIdentifier>{93995380-89BD-4b04-88EB-625FBE52EBFB}</UniqueIdentifier>
      <Extensions>h;hpp;hxx;hm;inl;inc;xsd</Extensions>
    </Filter>
    <Filter Include="Resource Files">
      <UniqueIdentifier>{67DA6AB6-F800-4c08-8B7A-83BB121AAD01}</UniqueIdentifier>
      <Extensions>rc;ico;cur;bmp;dlg;rc2;rct;bin;rgs;gif;jpg;jpeg;jpe;resx;tiff;tif;png;wav;mfcribbon-ms</Extensions>
    </Filter>
    <Filter Include="Header Files\y-cruncher">
      <UniqueIdentifier>{903da037-8327-4da9-a38a-f432fd3bee43}</UniqueIdentifier>
    </Filter>
    <Filter Include="Header Files\y-cruncher\DigitViewer">
      <UniqueIdentifier>{cae5087d-638c-4f2b-bee0-c42a4e026d3e}</UniqueIdentifier>
    </Filter>
    <Filter Include="Header Files\y-cruncher\APIs">
      <UniqueIdentifier>{3a7d416c-cc2e-4287-84df-a1cd3ad0a826}</UniqueIdentifier>
    </Filter>
    <Filter Include="Header Files\y-cruncher\DigitViewer\DigitReaders">
      <UniqueIdentifier>{a5317b10-1458-482b-abb6-ebce83f01508}</UniqueIdentifier>
    </Filter>
    <Filter Include="Header Files\y-cruncher\DigitViewer\DigitWriters">
      <UniqueIdentifier>{726f7cb8-0c0e-4ed2-a17f-9c0592612cb5}</UniqueIdentifier>
    </Filter>
    <Filter Include="Header Files\y-cruncher\APIs\ConsoleIO">
      <UniqueIdentifier>{9a6282d2-0a40-4f14-94b5-85f584b77f42}</UniqueIdentifier>
    </Filter>
    <Filter Include="Header Files\y-cruncher\APIs\FileIO">
      <UniqueIdentifier>{f4ee9d1e-2d1b-4507-9ca8-b82a3c31a6b2}</UniqueIdentifier>
    </Filter>
    <Filter Include="Header Files\y-cruncher\APIs\StringTools">
      <UniqueIdentifier>{191cf129-4d76-4938-a52b-d1fc8efddbae}</UniqueIdentifier>
    </Filter>
    <Filter Include="Header Files\y-cruncher\CVN">
      <UniqueIdentifier>{ec1c9a5c-8d61-4406-8c50-e0ff46029f0f}</UniqueIdentifier>
    </Filter>
    <Filter Include="Header Files\y-cruncher\CVN\u64_forward">
      <UniqueIdentifier>{784c8c25-7c95-4e64-af61-792653b89655}</UniqueIdentifier>
    </Filter>
    <Filter Include="Header Files\y-cruncher\CVN\u64_forward\Default">
      <UniqueIdentifier>{720028df-aedf-4b35-af09-0869c8b59495}</UniqueIdentifier>
    </Filter>
    <Filter Include="Header Files\y-cruncher\CVN\u64_forward\SSE">
      <UniqueIdentifier>{2ffb3603-d02a-4e14-b39d-7079489aa482}</UniqueIdentifier>
    </Filter>
  </ItemGroup>
  <ItemGroup>
    <ClInclude Include="..\source\y-cruncher\SelfContained.h">
      <Filter>Header Files\y-cruncher</Filter>
    </ClInclude>
    <ClInclude Include="..\source\y-cruncher\y-cruncher.h">
      <Filter>Header Files\y-cruncher</Filter>
    </ClInclude>
    <ClInclude Include="..\source\DigitViewerUI.h">
      <Filter>Header Files</Filter>
    </ClInclude>
    <ClInclude Include="..\source\DigitViewerOptions.h">
      <Filter>Header Files</Filter>
    </ClInclude>
    <ClInclude Include="..\source\y-cruncher\ConsoleIO\ymo_APIs_cio_ColorCodes.h">
      <Filter>Header Files\y-cruncher\APIs\ConsoleIO</Filter>
    </ClInclude>
    <ClInclude Include="..\source\y-cruncher\ConsoleIO\ymo_APIs_cio_Default.h">
      <Filter>Header Files\y-cruncher\APIs\ConsoleIO</Filter>
    </ClInclude>
    <ClInclude Include="..\source\y-cruncher\ConsoleIO\ymo_APIs_cio_headers.h">
      <Filter>Header Files\y-cruncher\APIs\ConsoleIO</Filter>
    </ClInclude>
    <ClInclude Include="..\source\y-cruncher\ConsoleIO\ymo_APIs_cio_Shared.h">
      <Filter>Header Files\y-cruncher\APIs\ConsoleIO</Filter>
    </ClInclude>
    <ClInclude Include="..\source\y-cruncher\ConsoleIO\ymo_APIs_cio_Windows.h">
      <Filter>Header Files\y-cruncher\APIs\ConsoleIO</Filter>
    </ClInclude>
    <ClInclude Include="..\source\y-cruncher\FileIO\ymf_APIs_file_Default_headers.h">
      <Filter>Header Files\y-cruncher\APIs\FileIO</Filter>
    </ClInclude>
    <ClInclude Include="..\source\y-cruncher\FileIO\ymf_APIs_file_Default_internals.h">
      <Filter>Header Files\y-cruncher\APIs\FileIO</Filter>
    </ClInclude>
    <ClInclude Include="..\source\y-cruncher\FileIO\ymf_APIs_file_WinAPI_headers.h">
      <Filter>Header Files\y-cruncher\APIs\FileIO</Filter>
    </ClInclude>
    <ClInclude Include="..\source\y-cruncher\FileIO\ymf_APIs_file_WinAPI_internals.h">
      <Filter>Header Files\y-cruncher\APIs\FileIO</Filter>
    </ClInclude>
    <ClInclude Include="..\source\y-cruncher\Strings\ymb_APIs_StringBuilder_headers.h">
      <Filter>Header Files\y-cruncher\APIs\StringTools</Filter>
    </ClInclude>
    <ClInclude Include="..\source\y-cruncher\Strings\ymb_APIs_StringBuilder_internals.h">
      <Filter>Header Files\y-cruncher\APIs\StringTools</Filter>
    </ClInclude>
    <ClInclude Include="..\source\y-cruncher\Strings\ymb_APIs_StringTools_headers.h">
      <Filter>Header Files\y-cruncher\APIs\StringTools</Filter>
    </ClInclude>
    <ClInclude Include="..\source\y-cruncher\Strings\ymb_APIs_StringTools_internals.h">
      <Filter>Header Files\y-cruncher\APIs\StringTools</Filter>
    </ClInclude>
    <ClInclude Include="..\source\y-cruncher\CVN\ymb_CVN_headers.h">
      <Filter>Header Files\y-cruncher\CVN</Filter>
    </ClInclude>
    <ClInclude Include="..\source\y-cruncher\CVN\ymb_CVN_u64_forward.h">
      <Filter>Header Files\y-cruncher\CVN</Filter>
    </ClInclude>
    <ClInclude Include="..\source\y-cruncher\CVN\u64_forward\Default\ymh_CVN_raw_to_str_Default32.h">
      <Filter>Header Files\y-cruncher\CVN\u64_forward\Default</Filter>
    </ClInclude>
    <ClInclude Include="..\source\y-cruncher\CVN\u64_forward\Default\ymh_CVN_raw_to_str_Default64.h">
      <Filter>Header Files\y-cruncher\CVN\u64_forward\Default</Filter>
    </ClInclude>
    <ClInclude Include="..\source\y-cruncher\CVN\u64_forward\Default\ymh_CVN_raw_to_u64_Default.h">
      <Filter>Header Files\y-cruncher\CVN\u64_forward\Default</Filter>
    </ClInclude>
    <ClInclude Include="..\source\y-cruncher\CVN\u64_forward\Default\ymh_CVN_str_to_raw_Default32.h">
      <Filter>Header Files\y-cruncher\CVN\u64_forward\Default</Filter>
    </ClInclude>
    <ClInclude Include="..\source\y-cruncher\CVN\u64_forward\Default\ymh_CVN_str_to_raw_Default64.h">
      <Filter>Header Files\y-cruncher\CVN\u64_forward\Default</Filter>
    </ClInclude>
    <ClInclude Include="..\source\y-cruncher\CVN\u64_forward\Default\ymh_CVN_u64_to_raw_Default.h">
      <Filter>Header Files\y-cruncher\CVN\u64_forward\Default</Filter>
    </ClInclude>
    <ClInclude Include="..\source\y-cruncher\CVN\u64_forward\Default\ymh_CVN_u64_to_str_Default.h">
      <Filter>Header Files\y-cruncher\CVN\u64_forward\Default</Filter>
    </ClInclude>
    <ClInclude Include="..\source\y-cruncher\CVN\u64_forward\Default\ymi_CVN_rawd_to_strd_Default.h">
      <Filter>Header Files\y-cruncher\CVN\u64_forward\Default</Filter>
    </ClInclude>
    <ClInclude Include="..\source\y-cruncher\CVN\u64_forward\Default\ymi_CVN_rawd_to_ud_Default.h">
      <Filter>Header Files\y-cruncher\CVN\u64_forward\Default</Filter>
    </ClInclude>
    <ClInclude Include="..\source\y-cruncher\CVN\u64_forward\Default\ymi_CVN_rawh_to_strh_Default.h">
      <Filter>Header Files\y-cruncher\CVN\u64_forward\Default</Filter>
    </ClInclude>
    <ClInclude Include="..\source\y-cruncher\CVN\u64_forward\Default\ymi_CVN_rawh_to_ub_Default.h">
      <Filter>Header Files\y-cruncher\CVN\u64_forward\Default</Filter>
    </ClInclude>
    <ClInclude Include="..\source\y-cruncher\CVN\u64_forward\Default\ymi_CVN_strd_to_rawd_Default.h">
      <Filter>Header Files\y-cruncher\CVN\u64_forward\Default</Filter>
    </ClInclude>
    <ClInclude Include="..\source\y-cruncher\CVN\u64_forward\Default\ymi_CVN_strh_to_rawh_Default.h">
      <Filter>Header Files\y-cruncher\CVN\u64_forward\Default</Filter>
    </ClInclude>
    <ClInclude Include="..\source\y-cruncher\CVN\u64_forward\Default\ymi_CVN_u64b_to_rawh_Default.h">
      <Filter>Header Files\y-cruncher\CVN\u64_forward\Default</Filter>
    </ClInclude>
    <ClInclude Include="..\source\y-cruncher\CVN\u64_forward\Default\ymi_CVN_u64b_to_strh_Default.h">
      <Filter>Header Files\y-cruncher\CVN\u64_forward\Default</Filter>
    </ClInclude>
    <ClInclude Include="..\source\y-cruncher\CVN\u64_forward\Default\ymi_CVN_u64d_to_rawd_Default.h">
      <Filter>Header Files\y-cruncher\CVN\u64_forward\Default</Filter>
    </ClInclude>
    <ClInclude Include="..\source\y-cruncher\CVN\u64_forward\Default\ymi_CVN_u64d_to_strd_Default.h">
      <Filter>Header Files\y-cruncher\CVN\u64_forward\Default</Filter>
    </ClInclude>
    <ClInclude Include="..\source\y-cruncher\CVN\u64_forward\SSE\ymh_CVN_raw_to_str_SSE2.h">
      <Filter>Header Files\y-cruncher\CVN\u64_forward\SSE</Filter>
    </ClInclude>
    <ClInclude Include="..\source\y-cruncher\CVN\u64_forward\SSE\ymh_CVN_raw_to_u64_SSE2.h">
      <Filter>Header Files\y-cruncher\CVN\u64_forward\SSE</Filter>
    </ClInclude>
    <ClInclude Include="..\source\y-cruncher\CVN\u64_forward\SSE\ymh_CVN_raw_to_u64_SSE41.h">
      <Filter>Header Files\y-cruncher\CVN\u64_forward\SSE</Filter>
    </ClInclude>
    <ClInclude Include="..\source\y-cruncher\CVN\u64_forward\SSE\ymh_CVN_str_to_raw_SSE2.h">
      <Filter>Header Files\y-cruncher\CVN\u64_forward\SSE</Filter>
    </ClInclude>
    <ClInclude Include="..\source\y-cruncher\CVN\u64_forward\SSE\ymh_CVN_u64_to_raw_SSE41.h">
      <Filter>Header Files\y-cruncher\CVN\u64_forward\SSE</Filter>
    </ClInclude>
    <ClInclude Include="..\source\y-cruncher\CVN\u64_forward\SSE\ymh_CVN_u64_to_str_SSE41.h">
      <Filter>Header Files\y-cruncher\CVN\u64_forward\SSE</Filter>
    </ClInclude>
    <ClInclude Include="..\source\y-cruncher\CVN\u64_forward\SSE\ymi_CVN_rawd_to_strd_SSE2.h">
      <Filter>Header Files\y-cruncher\CVN\u64_forward\SSE</Filter>
    </ClInclude>
    <ClInclude Include="..\source\y-cruncher\CVN\u64_forward\SSE\ymi_CVN_rawd_to_ud_SSE41.h">
      <Filter>Header Files\y-cruncher\CVN\u64_forward\SSE</Filter>
    </ClInclude>
    <ClInclude Include="..\source\y-cruncher\CVN\u64_forward\SSE\ymi_CVN_rawh_to_strh_SSE2.h">
      <Filter>Header Files\y-cruncher\CVN\u64_forward\SSE</Filter>
    </ClInclude>
    <ClInclude Include="..\source\y-cruncher\CVN\u64_forward\SSE\ymi_CVN_rawh_to_ub_SSE2.h">
      <Filter>Header Files\y-cruncher\CVN\u64_forward\SSE</Filter>
    </ClInclude>
    <ClInclude Include="..\source\y-cruncher\CVN\u64_forward\SSE\ymi_CVN_strd_to_rawd_SSE2.h">
      <Filter>Header Files\y-cruncher\CVN\u64_forward\SSE</Filter>
    </ClInclude>
    <ClInclude Include="..\source\y-cruncher\CVN\u64_forward\SSE\ymi_CVN_strh_to_rawh_SSE2.h">
      <Filter>Header Files\y-cruncher\CVN\u64_forward\SSE</Filter>
    </ClInclude>
    <ClInclude Include="..\source\y-cruncher\CVN\u64_forward\SSE\ymi_CVN_u64b_to_rawh_SSE41.h">
      <Filter>Header Files\y-cruncher\CVN\u64_forward\SSE</Filter>
    </ClInclude>
    <ClInclude Include="..\source\y-cruncher\CVN\u64_forward\SSE\ymi_CVN_u64b_to_strh_SSE41.h">
      <Filter>Header Files\y-cruncher\CVN\u64_forward\SSE</Filter>
    </ClInclude>
    <ClInclude Include="..\source\y-cruncher\CVN\u64_forward\SSE\ymi_CVN_u64d_to_rawd_SSE41.h">
      <Filter>Header Files\y-cruncher\CVN\u64_forward\SSE</Filter>
    </ClInclude>
    <ClInclude Include="..\source\y-cruncher\CVN\u64_forward\SSE\ymi_CVN_u64d_to_strd_SSE41.h">
      <Filter>Header Files\y-cruncher\CVN\u64_forward\SSE</Filter>
    </ClInclude>
    <ClInclude Include="..\source\y-cruncher\DigitViewer\DigitViewer_globals.h">
      <Filter>Header Files\y-cruncher\DigitViewer</Filter>
    </ClInclude>
    <ClInclude Include="..\source\y-cruncher\DigitViewer\DigitViewer_headers.h">
      <Filter>Header Files\y-cruncher\DigitViewer</Filter>
    </ClInclude>
    <ClInclude Include="..\source\y-cruncher\DigitViewer\DigitViewer_internals.h">
      <Filter>Header Files\y-cruncher\DigitViewer</Filter>
    </ClInclude>
    <ClInclude Include="..\source\y-cruncher\DigitViewer\DigitReaders\yc_DigitReader_headers.h">
      <Filter>Header Files\y-cruncher\DigitViewer\DigitReaders</Filter>
    </ClInclude>
    <ClInclude Include="..\source\y-cruncher\DigitViewer\DigitReaders\yc_DigitReader_internals.h">
      <Filter>Header Files\y-cruncher\DigitViewer\DigitReaders</Filter>
    </ClInclude>
    <ClInclude Include="..\source\y-cruncher\DigitViewer\DigitReaders\yc_TextReader_headers.h">
      <Filter>Header Files\y-cruncher\DigitViewer\DigitReaders</Filter>
    </ClInclude>
    <ClInclude Include="..\source\y-cruncher\DigitViewer\DigitReaders\yc_TextReader_internals.h">
      <Filter>Header Files\y-cruncher\DigitViewer\DigitReaders</Filter>
    </ClInclude>
    <ClInclude Include="..\source\y-cruncher\DigitViewer\DigitReaders\yc_YCDFileReader_headers.h">
      <Filter>Header Files\y-cruncher\DigitViewer\DigitReaders</Filter>
    </ClInclude>
    <ClInclude Include="..\source\y-cruncher\DigitViewer\DigitReaders\yc_YCDFileReader_internals.h">
      <Filter>Header Files\y-cruncher\DigitViewer\DigitReaders</Filter>
    </ClInclude>
    <ClInclude Include="..\source\y-cruncher\DigitViewer\DigitReaders\yc_YCDReader_headers.h">
      <Filter>Header Files\y-cruncher\DigitViewer\DigitReaders</Filter>
    </ClInclude>
    <ClInclude Include="..\source\y-cruncher\DigitViewer\DigitReaders\yc_YCDReader_internals.h">
      <Filter>Header Files\y-cruncher\DigitViewer\DigitReaders</Filter>
    </ClInclude>
    <ClInclude Include="..\source\y-cruncher\DigitViewer\DigitWriters\yc_DigitWriter_headers.h">
      <Filter>Header Files\y-cruncher\DigitViewer\DigitWriters</Filter>
    </ClInclude>
    <ClInclude Include="..\source\y-cruncher\DigitViewer\DigitWriters\yc_DigitWriter_internals.h">
      <Filter>Header Files\y-cruncher\DigitViewer\DigitWriters</Filter>
    </ClInclude>
    <ClInclude Include="..\source\y-cruncher\DigitViewer\DigitWriters\yc_TextWriter_headers.h">
      <Filter>Header Files\y-cruncher\DigitViewer\DigitWriters</Filter>
    </ClInclude>
    <ClInclude Include="..\source\y-cruncher\DigitViewer\DigitWriters\yc_TextWriter_internals.h">
      <Filter>Header Files\y-cruncher\DigitViewer\DigitWriters</Filter>
    </ClInclude>
    <ClInclude Include="..\source\y-cruncher\DigitViewer\DigitWriters\yc_YCDFileWriter_headers.h">
      <Filter>Header Files\y-cruncher\DigitViewer\DigitWriters</Filter>
    </ClInclude>
    <ClInclude Include="..\source\y-cruncher\DigitViewer\DigitWriters\yc_YCDFileWriter_internals.h">
      <Filter>Header Files\y-cruncher\DigitViewer\DigitWriters</Filter>
    </ClInclude>
    <ClInclude Include="..\source\y-cruncher\DigitViewer\DigitWriters\yc_YCDWriter_headers.h">
      <Filter>Header Files\y-cruncher\DigitViewer\DigitWriters</Filter>
    </ClInclude>
    <ClInclude Include="..\source\y-cruncher\DigitViewer\DigitWriters\yc_YCDWriter_internals.h">
      <Filter>Header Files\y-cruncher\DigitViewer\DigitWriters</Filter>
    </ClInclude>
  </ItemGroup>
  <ItemGroup>
    <ClCompile Include="..\source\main.cpp">
      <Filter>Source Files</Filter>
    </ClCompile>
    <ClCompile Include="..\source\y-cruncher\y-cruncher.cpp">
      <Filter>Source Files</Filter>
    </ClCompile>
  </ItemGroup>
</Project>