<?xml version="1.0" encoding="utf-8"?>
<Project ToolsVersion="4.0" xmlns="http://schemas.microsoft.com/developer/msbuild/2003">
  <ItemGroup>
    <Filter Include="Source Files">
      <UniqueIdentifier>{4FC737F1-C7A5-4376-A066-2A32D752A2FF}</UniqueIdentifier>
      <Extensions>cpp;c;cc;cxx;def;odl;idl;hpj;bat;asm;asmx</Extensions>
    </Filter>
    <Filter Include="Header Files">
      <UniqueIdentifier>{93995380-89BD-4b04-88EB-625FBE52EBFB}</UniqueIdentifier>
      <Extensions>h;hh;hpp;hxx;hm;inl;inc;xsd</Extensions>
    </Filter>
    <Filter Include="Resource Files">
      <UniqueIdentifier>{67DA6AB6-F800-4c08-8B7A-83BB121AAD01}</UniqueIdentifier>
      <Extensions>rc;ico;cur;bmp;dlg;rc2;rct;bin;rgs;gif;jpg;jpeg;jpe;resx;tiff;tif;png;wav;mfcribbon-ms</Extensions>
    </Filter>
    <Filter Include="Header Files\DigitConverter">
      <UniqueIdentifier>{40a20c54-b772-4e37-a07a-7060dc68e125}</UniqueIdentifier>
    </Filter>
    <Filter Include="Header Files\DigitReaders">
      <UniqueIdentifier>{5c57dc46-7ee1-4065-857f-64f812038e2c}</UniqueIdentifier>
    </Filter>
    <Filter Include="Header Files\DigitWriters">
      <UniqueIdentifier>{8579ac4c-91fe-433d-9cd4-9e76e3ff61d4}</UniqueIdentifier>
    </Filter>
    <Filter Include="Header Files\DigitConverter\cdi_reverse">
      <UniqueIdentifier>{e6be16c9-268f-487f-a368-447f78314735}</UniqueIdentifier>
    </Filter>
    <Filter Include="Header Files\DigitConverter\cdi_reverse\Default">
      <UniqueIdentifier>{be9c2c58-b450-4247-b4a8-9cf48a64fbf8}</UniqueIdentifier>
    </Filter>
    <Filter Include="Header Files\DigitConverter\cdi_reverse\SSE">
      <UniqueIdentifier>{b92c8c43-5a65-43a6-8198-de45d3ebd1bd}</UniqueIdentifier>
    </Filter>
    <Filter Include="Header Files\DigitConverter\u64_forward">
      <UniqueIdentifier>{cac0d23e-92f8-4ac1-831e-ad2bdbf5adf8}</UniqueIdentifier>
    </Filter>
    <Filter Include="Header Files\DigitConverter\u64_forward\Default">
      <UniqueIdentifier>{d9e00f9f-ee06-4e13-a4a4-a0f70eabf80f}</UniqueIdentifier>
    </Filter>
    <Filter Include="Header Files\DigitConverter\u64_forward\SSE">
      <UniqueIdentifier>{dc1f680e-1f3a-4ccb-9461-810153ce787e}</UniqueIdentifier>
    </Filter>
  </ItemGroup>
  <ItemGroup>
    <ClCompile Include="..\..\Source Files\DigitViewer\DigitReaders\DigitReader.cpp">
      <Filter>Header Files\DigitReaders</Filter>
    </ClCompile>
    <ClCompile Include="..\..\Source Files\DigitViewer\DigitReaders\TextReader.cpp">
      <Filter>Header Files\DigitReaders</Filter>
    </ClCompile>
    <ClCompile Include="..\..\Source Files\DigitViewer\DigitReaders\YCDFileReader.cpp">
      <Filter>Header Files\DigitReaders</Filter>
    </ClCompile>
    <ClCompile Include="..\..\Source Files\DigitViewer\DigitReaders\YCDReader.cpp">
      <Filter>Header Files\DigitReaders</Filter>
    </ClCompile>
    <ClCompile Include="..\..\Source Files\DigitViewer\DigitWriters\DigitWriter.cpp">
      <Filter>Header Files\DigitWriters</Filter>
    </ClCompile>
    <ClCompile Include="..\..\Source Files\DigitViewer\DigitWriters\TextWriter.cpp">
      <Filter>Header Files\DigitWriters</Filter>
    </ClCompile>
    <ClCompile Include="..\..\Source Files\DigitViewer\DigitWriters\YCDFileWriter.cpp">
      <Filter>Header Files\DigitWriters</Filter>
    </ClCompile>
    <ClCompile Include="..\..\Source Files\DigitViewer\DigitWriters\YCDWriter.cpp">
      <Filter>Header Files\DigitWriters</Filter>
    </ClCompile>
    <ClCompile Include="..\..\Source Files\DigitViewer\DigitConverter\ym_CVN.cpp">
      <Filter>Header Files\DigitConverter</Filter>
    </ClCompile>
    <ClCompile Include="..\..\Source Files\DigitViewer\EndPointTasks.cpp">
      <Filter>Header Files</Filter>
    </ClCompile>
    <ClCompile Include="..\..\Source Files\DigitViewer\Menu_DigitViewer.cpp">
      <Filter>Header Files</Filter>
    </ClCompile>
    <ClCompile Include="..\..\Source Files\DigitViewer\PrintHelpers.cpp">
      <Filter>Header Files</Filter>
    </ClCompile>
    <ClCompile Include="..\..\Source Files\DigitViewer\Main.cpp">
      <Filter>Source Files</Filter>
    </ClCompile>
    <ClCompile Include="..\..\Source Files\Public\SMC_Public.cpp">
      <Filter>Source Files</Filter>
    </ClCompile>
    <ClCompile Include="..\..\Source Files\DigitViewer\DigitConverter\ymb_CVN_cdi_reverse.cpp">
      <Filter>Header Files\DigitConverter</Filter>
    </ClCompile>
    <ClCompile Include="..\..\Source Files\DigitViewer\SMC_DigitViewer.cpp">
      <Filter>Source Files</Filter>
    </ClCompile>
  </ItemGroup>
  <ItemGroup>
    <ClInclude Include="..\..\Source Files\DigitViewer\DigitReaders\DigitReader.h">
      <Filter>Header Files\DigitReaders</Filter>
    </ClInclude>
    <ClInclude Include="..\..\Source Files\DigitViewer\DigitReaders\TextReader.h">
      <Filter>Header Files\DigitReaders</Filter>
    </ClInclude>
    <ClInclude Include="..\..\Source Files\DigitViewer\DigitReaders\YCDFileReader.h">
      <Filter>Header Files\DigitReaders</Filter>
    </ClInclude>
    <ClInclude Include="..\..\Source Files\DigitViewer\DigitReaders\YCDReader.h">
      <Filter>Header Files\DigitReaders</Filter>
    </ClInclude>
    <ClInclude Include="..\..\Source Files\DigitViewer\DigitWriters\DigitWriter.h">
      <Filter>Header Files\DigitWriters</Filter>
    </ClInclude>
    <ClInclude Include="..\..\Source Files\DigitViewer\DigitWriters\TextWriter.h">
      <Filter>Header Files\DigitWriters</Filter>
    </ClInclude>
    <ClInclude Include="..\..\Source Files\DigitViewer\DigitWriters\YCDFileWriter.h">
      <Filter>Header Files\DigitWriters</Filter>
    </ClInclude>
    <ClInclude Include="..\..\Source Files\DigitViewer\DigitWriters\YCDWriter.h">
      <Filter>Header Files\DigitWriters</Filter>
    </ClInclude>
    <ClInclude Include="..\..\Source Files\DigitViewer\DigitConverter\ymb_CVN_headers.h">
      <Filter>Header Files\DigitConverter</Filter>
    </ClInclude>
    <ClInclude Include="..\..\Source Files\DigitViewer\DigitConverter\ymb_CVN_internals.h">
      <Filter>Header Files\DigitConverter</Filter>
    </ClInclude>
    <ClInclude Include="..\..\Source Files\DigitViewer\DigitConverter\ymb_CVN_u64_forward.h">
      <Filter>Header Files\DigitConverter</Filter>
    </ClInclude>
    <ClInclude Include="..\..\Source Files\DigitViewer\DigitConverter\cdi_reverse\Default\ymi_CVN_cdi_to_rawd_Default.h">
      <Filter>Header Files\DigitConverter\cdi_reverse\Default</Filter>
    </ClInclude>
    <ClInclude Include="..\..\Source Files\DigitViewer\DigitConverter\cdi_reverse\Default\ymi_CVN_cdi_to_rawh_Default.h">
      <Filter>Header Files\DigitConverter\cdi_reverse\Default</Filter>
    </ClInclude>
    <ClInclude Include="..\..\Source Files\DigitViewer\DigitConverter\cdi_reverse\SSE\ymi_CVN_cdi_to_rawd_SSE41.h">
      <Filter>Header Files\DigitConverter\cdi_reverse\SSE</Filter>
    </ClInclude>
    <ClInclude Include="..\..\Source Files\DigitViewer\DigitConverter\cdi_reverse\SSE\ymi_CVN_cdi_to_rawh_SSE41.h">
      <Filter>Header Files\DigitConverter\cdi_reverse\SSE</Filter>
    </ClInclude>
    <ClInclude Include="..\..\Source Files\DigitViewer\DigitConverter\u64_forward\Default\ymh_CVN_raw_to_str_Default32.h">
      <Filter>Header Files\DigitConverter\u64_forward\Default</Filter>
    </ClInclude>
    <ClInclude Include="..\..\Source Files\DigitViewer\DigitConverter\u64_forward\Default\ymh_CVN_raw_to_str_Default64.h">
      <Filter>Header Files\DigitConverter\u64_forward\Default</Filter>
    </ClInclude>
    <ClInclude Include="..\..\Source Files\DigitViewer\DigitConverter\u64_forward\Default\ymh_CVN_raw_to_u64_Default.h">
      <Filter>Header Files\DigitConverter\u64_forward\Default</Filter>
    </ClInclude>
    <ClInclude Include="..\..\Source Files\DigitViewer\DigitConverter\u64_forward\Default\ymh_CVN_str_to_raw_Default32.h">
      <Filter>Header Files\DigitConverter\u64_forward\Default</Filter>
    </ClInclude>
    <ClInclude Include="..\..\Source Files\DigitViewer\DigitConverter\u64_forward\Default\ymh_CVN_str_to_raw_Default64.h">
      <Filter>Header Files\DigitConverter\u64_forward\Default</Filter>
    </ClInclude>
    <ClInclude Include="..\..\Source Files\DigitViewer\DigitConverter\u64_forward\Default\ymh_CVN_u64_to_raw_Default.h">
      <Filter>Header Files\DigitConverter\u64_forward\Default</Filter>
    </ClInclude>
    <ClInclude Include="..\..\Source Files\DigitViewer\DigitConverter\u64_forward\Default\ymh_CVN_u64_to_str_Default.h">
      <Filter>Header Files\DigitConverter\u64_forward\Default</Filter>
    </ClInclude>
    <ClInclude Include="..\..\Source Files\DigitViewer\DigitConverter\u64_forward\Default\ymi_CVN_rawd_to_strd_Default.h">
      <Filter>Header Files\DigitConverter\u64_forward\Default</Filter>
    </ClInclude>
    <ClInclude Include="..\..\Source Files\DigitViewer\DigitConverter\u64_forward\Default\ymi_CVN_rawd_to_ud_Default.h">
      <Filter>Header Files\DigitConverter\u64_forward\Default</Filter>
    </ClInclude>
    <ClInclude Include="..\..\Source Files\DigitViewer\DigitConverter\u64_forward\Default\ymi_CVN_rawh_to_strh_Default.h">
      <Filter>Header Files\DigitConverter\u64_forward\Default</Filter>
    </ClInclude>
    <ClInclude Include="..\..\Source Files\DigitViewer\DigitConverter\u64_forward\Default\ymi_CVN_rawh_to_ub_Default.h">
      <Filter>Header Files\DigitConverter\u64_forward\Default</Filter>
    </ClInclude>
    <ClInclude Include="..\..\Source Files\DigitViewer\DigitConverter\u64_forward\Default\ymi_CVN_strd_to_rawd_Default.h">
      <Filter>Header Files\DigitConverter\u64_forward\Default</Filter>
    </ClInclude>
    <ClInclude Include="..\..\Source Files\DigitViewer\DigitConverter\u64_forward\Default\ymi_CVN_strh_to_rawh_Default.h">
      <Filter>Header Files\DigitConverter\u64_forward\Default</Filter>
    </ClInclude>
    <ClInclude Include="..\..\Source Files\DigitViewer\DigitConverter\u64_forward\Default\ymi_CVN_u64b_to_rawh_Default.h">
      <Filter>Header Files\DigitConverter\u64_forward\Default</Filter>
    </ClInclude>
    <ClInclude Include="..\..\Source Files\DigitViewer\DigitConverter\u64_forward\Default\ymi_CVN_u64b_to_strh_Default.h">
      <Filter>Header Files\DigitConverter\u64_forward\Default</Filter>
    </ClInclude>
    <ClInclude Include="..\..\Source Files\DigitViewer\DigitConverter\u64_forward\Default\ymi_CVN_u64d_to_rawd_Default.h">
      <Filter>Header Files\DigitConverter\u64_forward\Default</Filter>
    </ClInclude>
    <ClInclude Include="..\..\Source Files\DigitViewer\DigitConverter\u64_forward\Default\ymi_CVN_u64d_to_strd_Default.h">
      <Filter>Header Files\DigitConverter\u64_forward\Default</Filter>
    </ClInclude>
    <ClInclude Include="..\..\Source Files\DigitViewer\DigitConverter\u64_forward\SSE\ymh_CVN_raw_to_str_SSE2.h">
      <Filter>Header Files\DigitConverter\u64_forward\SSE</Filter>
    </ClInclude>
    <ClInclude Include="..\..\Source Files\DigitViewer\DigitConverter\u64_forward\SSE\ymh_CVN_raw_to_u64_SSE2.h">
      <Filter>Header Files\DigitConverter\u64_forward\SSE</Filter>
    </ClInclude>
    <ClInclude Include="..\..\Source Files\DigitViewer\DigitConverter\u64_forward\SSE\ymh_CVN_raw_to_u64_SSE41.h">
      <Filter>Header Files\DigitConverter\u64_forward\SSE</Filter>
    </ClInclude>
    <ClInclude Include="..\..\Source Files\DigitViewer\DigitConverter\u64_forward\SSE\ymh_CVN_str_to_raw_SSE2.h">
      <Filter>Header Files\DigitConverter\u64_forward\SSE</Filter>
    </ClInclude>
    <ClInclude Include="..\..\Source Files\DigitViewer\DigitConverter\u64_forward\SSE\ymh_CVN_u64_to_raw_SSE41.h">
      <Filter>Header Files\DigitConverter\u64_forward\SSE</Filter>
    </ClInclude>
    <ClInclude Include="..\..\Source Files\DigitViewer\DigitConverter\u64_forward\SSE\ymh_CVN_u64_to_str_SSE41.h">
      <Filter>Header Files\DigitConverter\u64_forward\SSE</Filter>
    </ClInclude>
    <ClInclude Include="..\..\Source Files\DigitViewer\DigitConverter\u64_forward\SSE\ymi_CVN_rawd_to_strd_SSE2.h">
      <Filter>Header Files\DigitConverter\u64_forward\SSE</Filter>
    </ClInclude>
    <ClInclude Include="..\..\Source Files\DigitViewer\DigitConverter\u64_forward\SSE\ymi_CVN_rawd_to_ud_SSE41.h">
      <Filter>Header Files\DigitConverter\u64_forward\SSE</Filter>
    </ClInclude>
    <ClInclude Include="..\..\Source Files\DigitViewer\DigitConverter\u64_forward\SSE\ymi_CVN_rawh_to_strh_SSE2.h">
      <Filter>Header Files\DigitConverter\u64_forward\SSE</Filter>
    </ClInclude>
    <ClInclude Include="..\..\Source Files\DigitViewer\DigitConverter\u64_forward\SSE\ymi_CVN_rawh_to_ub_SSE2.h">
      <Filter>Header Files\DigitConverter\u64_forward\SSE</Filter>
    </ClInclude>
    <ClInclude Include="..\..\Source Files\DigitViewer\DigitConverter\u64_forward\SSE\ymi_CVN_strd_to_rawd_SSE2.h">
      <Filter>Header Files\DigitConverter\u64_forward\SSE</Filter>
    </ClInclude>
    <ClInclude Include="..\..\Source Files\DigitViewer\DigitConverter\u64_forward\SSE\ymi_CVN_strh_to_rawh_SSE2.h">
      <Filter>Header Files\DigitConverter\u64_forward\SSE</Filter>
    </ClInclude>
    <ClInclude Include="..\..\Source Files\DigitViewer\DigitConverter\u64_forward\SSE\ymi_CVN_u64b_to_rawh_SSE41.h">
      <Filter>Header Files\DigitConverter\u64_forward\SSE</Filter>
    </ClInclude>
    <ClInclude Include="..\..\Source Files\DigitViewer\DigitConverter\u64_forward\SSE\ymi_CVN_u64b_to_strh_SSE41.h">
      <Filter>Header Files\DigitConverter\u64_forward\SSE</Filter>
    </ClInclude>
    <ClInclude Include="..\..\Source Files\DigitViewer\DigitConverter\u64_forward\SSE\ymi_CVN_u64d_to_rawd_SSE41.h">
      <Filter>Header Files\DigitConverter\u64_forward\SSE</Filter>
    </ClInclude>
    <ClInclude Include="..\..\Source Files\DigitViewer\DigitConverter\u64_forward\SSE\ymi_CVN_u64d_to_strd_SSE41.h">
      <Filter>Header Files\DigitConverter\u64_forward\SSE</Filter>
    </ClInclude>
    <ClInclude Include="..\..\Source Files\DigitViewer\EndPointTasks.h">
      <Filter>Header Files</Filter>
    </ClInclude>
    <ClInclude Include="..\..\Source Files\DigitViewer\Menu_DigitViewer.h">
      <Filter>Header Files</Filter>
    </ClInclude>
    <ClInclude Include="..\..\Source Files\DigitViewer\PrintHelpers.h">
      <Filter>Header Files</Filter>
    </ClInclude>
    <ClInclude Include="..\..\Source Files\DigitViewer\DigitViewerUI.h">
      <Filter>Header Files</Filter>
    </ClInclude>
    <ClInclude Include="..\..\Source Files\DigitViewer\Globals.h">
      <Filter>Header Files</Filter>
    </ClInclude>
    <ClInclude Include="..\..\Source Files\DigitViewer\x86_SSE2.h">
      <Filter>Header Files</Filter>
    </ClInclude>
    <ClInclude Include="..\..\Source Files\DigitViewer\DigitConverter\cdi_reverse\Default\ymh_CVN_cdi_to_raw_Default.ipp">
      <Filter>Header Files\DigitConverter\cdi_reverse\Default</Filter>
    </ClInclude>
    <ClInclude Include="..\..\Source Files\DigitViewer\DigitConverter\cdi_reverse\SSE\ymh_CVN_cdi_to_raw_SSE41.ipp">
      <Filter>Header Files\DigitConverter\cdi_reverse\SSE</Filter>
    </ClInclude>
  </ItemGroup>
</Project>